
Microsoft Visual Studio Solution File, Format Version 12.00
# Visual Studio Version 17
VisualStudioVersion = 17.4.33205.214
MinimumVisualStudioVersion = 10.0.40219.1
Project("{8BC9CEB8-8B4A-11D0-8D11-00A0C91BC942}") = "2023_1_17_并查集", "2023_1_17_并查集\2023_1_17_并查集.vcxproj", "{C2108AA4-4763-453F-B58E-F6686FFE783A}"
EndProject
Global
	GlobalSection(SolutionConfigurationPlatforms) = preSolution
		Debug|x64 = Debug|x64
		Debug|x86 = Debug|x86
		Release|x64 = Release|x64
		Release|x86 = Release|x86
	EndGlobalSection
	GlobalSection(ProjectConfigurationPlatforms) = postSolution
		{C2108AA4-4763-453F-B58E-F6686FFE783A}.Debug|x64.ActiveCfg = Debug|x64
		{C2108AA4-4763-453F-B58E-F6686FFE783A}.Debug|x64.Build.0 = Debug|x64
		{C2108AA4-4763-453F-B58E-F6686FFE783A}.Debug|x86.ActiveCfg = Debug|Win32
		{C2108AA4-4763-453F-B58E-F6686FFE783A}.Debug|x86.Build.0 = Debug|Win32
		{C2108AA4-4763-453F-B58E-F6686FFE783A}.Release|x64.ActiveCfg = Release|x64
		{C2108AA4-4763-453F-B58E-F6686FFE783A}.Release|x64.Build.0 = Release|x64
		{C2108AA4-4763-453F-B58E-F6686FFE783A}.Release|x86.ActiveCfg = Release|Win32
		{C2108AA4-4763-453F-B58E-F6686FFE783A}.Release|x86.Build.0 = Release|Win32
	EndGlobalSection
	GlobalSection(SolutionProperties) = preSolution
		HideSolutionNode = FALSE
	EndGlobalSection
	GlobalSection(ExtensibilityGlobals) = postSolution
		SolutionGuid = {210CC73D-8BC6-4AAD-B8CA-D36DDCB044D5}
	EndGlobalSection
EndGlobal
