
Microsoft Visual Studio Solution File, Format Version 12.00
# Visual Studio Version 17
VisualStudioVersion = 17.4.33205.214
MinimumVisualStudioVersion = 10.0.40219.1
Project("{8BC9CEB8-8B4A-11D0-8D11-00A0C91BC942}") = "2023_1_15_区间合并", "2023_1_15_区间合并\2023_1_15_区间合并.vcxproj", "{C2A2F1DC-796A-4E9F-A0C6-57D42889C4E9}"
EndProject
Global
	GlobalSection(SolutionConfigurationPlatforms) = preSolution
		Debug|x64 = Debug|x64
		Debug|x86 = Debug|x86
		Release|x64 = Release|x64
		Release|x86 = Release|x86
	EndGlobalSection
	GlobalSection(ProjectConfigurationPlatforms) = postSolution
		{C2A2F1DC-796A-4E9F-A0C6-57D42889C4E9}.Debug|x64.ActiveCfg = Debug|x64
		{C2A2F1DC-796A-4E9F-A0C6-57D42889C4E9}.Debug|x64.Build.0 = Debug|x64
		{C2A2F1DC-796A-4E9F-A0C6-57D42889C4E9}.Debug|x86.ActiveCfg = Debug|Win32
		{C2A2F1DC-796A-4E9F-A0C6-57D42889C4E9}.Debug|x86.Build.0 = Debug|Win32
		{C2A2F1DC-796A-4E9F-A0C6-57D42889C4E9}.Release|x64.ActiveCfg = Release|x64
		{C2A2F1DC-796A-4E9F-A0C6-57D42889C4E9}.Release|x64.Build.0 = Release|x64
		{C2A2F1DC-796A-4E9F-A0C6-57D42889C4E9}.Release|x86.ActiveCfg = Release|Win32
		{C2A2F1DC-796A-4E9F-A0C6-57D42889C4E9}.Release|x86.Build.0 = Release|Win32
	EndGlobalSection
	GlobalSection(SolutionProperties) = preSolution
		HideSolutionNode = FALSE
	EndGlobalSection
	GlobalSection(ExtensibilityGlobals) = postSolution
		SolutionGuid = {DC68CBBC-2CA5-4FED-8ACB-E3D353A8395C}
	EndGlobalSection
EndGlobal
