
Microsoft Visual Studio Solution File, Format Version 12.00
# Visual Studio Version 17
VisualStudioVersion = 17.4.33205.214
MinimumVisualStudioVersion = 10.0.40219.1
Project("{8BC9CEB8-8B4A-11D0-8D11-00A0C91BC942}") = "2023_1_31_数论_欧拉函数", "2023_1_31_数论_欧拉函数\2023_1_31_数论_欧拉函数.vcxproj", "{BCDA50B0-FFE6-4302-B5FC-71DF0B7C3CC0}"
EndProject
Global
	GlobalSection(SolutionConfigurationPlatforms) = preSolution
		Debug|x64 = Debug|x64
		Debug|x86 = Debug|x86
		Release|x64 = Release|x64
		Release|x86 = Release|x86
	EndGlobalSection
	GlobalSection(ProjectConfigurationPlatforms) = postSolution
		{BCDA50B0-FFE6-4302-B5FC-71DF0B7C3CC0}.Debug|x64.ActiveCfg = Debug|x64
		{BCDA50B0-FFE6-4302-B5FC-71DF0B7C3CC0}.Debug|x64.Build.0 = Debug|x64
		{BCDA50B0-FFE6-4302-B5FC-71DF0B7C3CC0}.Debug|x86.ActiveCfg = Debug|Win32
		{BCDA50B0-FFE6-4302-B5FC-71DF0B7C3CC0}.Debug|x86.Build.0 = Debug|Win32
		{BCDA50B0-FFE6-4302-B5FC-71DF0B7C3CC0}.Release|x64.ActiveCfg = Release|x64
		{BCDA50B0-FFE6-4302-B5FC-71DF0B7C3CC0}.Release|x64.Build.0 = Release|x64
		{BCDA50B0-FFE6-4302-B5FC-71DF0B7C3CC0}.Release|x86.ActiveCfg = Release|Win32
		{BCDA50B0-FFE6-4302-B5FC-71DF0B7C3CC0}.Release|x86.Build.0 = Release|Win32
	EndGlobalSection
	GlobalSection(SolutionProperties) = preSolution
		HideSolutionNode = FALSE
	EndGlobalSection
	GlobalSection(ExtensibilityGlobals) = postSolution
		SolutionGuid = {EEF77227-AC46-4668-95CB-783D6F56057E}
	EndGlobalSection
EndGlobal
