
Microsoft Visual Studio Solution File, Format Version 12.00
# Visual Studio Version 17
VisualStudioVersion = 17.4.33205.214
MinimumVisualStudioVersion = 10.0.40219.1
Project("{8BC9CEB8-8B4A-11D0-8D11-00A0C91BC942}") = "2023_1_16_单调栈和队列", "2023_1_16_单调栈和队列\2023_1_16_单调栈和队列.vcxproj", "{7B0873EA-102E-459D-BF87-4824BAB122E6}"
EndProject
Global
	GlobalSection(SolutionConfigurationPlatforms) = preSolution
		Debug|x64 = Debug|x64
		Debug|x86 = Debug|x86
		Release|x64 = Release|x64
		Release|x86 = Release|x86
	EndGlobalSection
	GlobalSection(ProjectConfigurationPlatforms) = postSolution
		{7B0873EA-102E-459D-BF87-4824BAB122E6}.Debug|x64.ActiveCfg = Debug|x64
		{7B0873EA-102E-459D-BF87-4824BAB122E6}.Debug|x64.Build.0 = Debug|x64
		{7B0873EA-102E-459D-BF87-4824BAB122E6}.Debug|x86.ActiveCfg = Debug|Win32
		{7B0873EA-102E-459D-BF87-4824BAB122E6}.Debug|x86.Build.0 = Debug|Win32
		{7B0873EA-102E-459D-BF87-4824BAB122E6}.Release|x64.ActiveCfg = Release|x64
		{7B0873EA-102E-459D-BF87-4824BAB122E6}.Release|x64.Build.0 = Release|x64
		{7B0873EA-102E-459D-BF87-4824BAB122E6}.Release|x86.ActiveCfg = Release|Win32
		{7B0873EA-102E-459D-BF87-4824BAB122E6}.Release|x86.Build.0 = Release|Win32
	EndGlobalSection
	GlobalSection(SolutionProperties) = preSolution
		HideSolutionNode = FALSE
	EndGlobalSection
	GlobalSection(ExtensibilityGlobals) = postSolution
		SolutionGuid = {40D4F18F-3CD6-4225-A6E9-BD69CFF33D0D}
	EndGlobalSection
EndGlobal
